
Microsoft Visual Studio Solution File, Format Version 12.00
# Visual Studio Version 17
VisualStudioVersion = 17.0.31903.59
MinimumVisualStudioVersion = 10.0.40219.1
Project("{FAE04EC0-301F-11D3-BF4B-00C04F79EFBC}") = "Umbraco.Context.Explorer.Website", "Umbraco.Context.Explorer.Website\Umbraco.Context.Explorer.Website.csproj", "{9235DD48-6560-48CD-A60B-5DF0CA9E1958}"
EndProject
Project("{FAE04EC0-301F-11D3-BF4B-00C04F79EFBC}") = "Umbraco.Context.Explorer", "Umbraco.Context.Explorer\Umbraco.Context.Explorer.csproj", "{0B57470F-15CF-4DFB-B9BA-5E10B2C0E5E4}"
EndProject
Global
	GlobalSection(SolutionConfigurationPlatforms) = preSolution
		Debug|Any CPU = Debug|Any CPU
		Release|Any CPU = Release|Any CPU
	EndGlobalSection
	GlobalSection(SolutionProperties) = preSolution
		HideSolutionNode = FALSE
	EndGlobalSection
	GlobalSection(ProjectConfigurationPlatforms) = postSolution
		{9235DD48-6560-48CD-A60B-5DF0CA9E1958}.Debug|Any CPU.ActiveCfg = Debug|Any CPU
		{9235DD48-6560-48CD-A60B-5DF0CA9E1958}.Debug|Any CPU.Build.0 = Debug|Any CPU
		{9235DD48-6560-48CD-A60B-5DF0CA9E1958}.Release|Any CPU.ActiveCfg = Release|Any CPU
		{9235DD48-6560-48CD-A60B-5DF0CA9E1958}.Release|Any CPU.Build.0 = Release|Any CPU
		{0B57470F-15CF-4DFB-B9BA-5E10B2C0E5E4}.Debug|Any CPU.ActiveCfg = Debug|Any CPU
		{0B57470F-15CF-4DFB-B9BA-5E10B2C0E5E4}.Debug|Any CPU.Build.0 = Debug|Any CPU
		{0B57470F-15CF-4DFB-B9BA-5E10B2C0E5E4}.Release|Any CPU.ActiveCfg = Release|Any CPU
		{0B57470F-15CF-4DFB-B9BA-5E10B2C0E5E4}.Release|Any CPU.Build.0 = Release|Any CPU
	EndGlobalSection
EndGlobal
